<?xml version="1.0" encoding="utf-8"?>
<Project ToolsVersion="4.0" xmlns="http://schemas.microsoft.com/developer/msbuild/2003">
  <ItemGroup>
    <Filter Include="Source Files">
      <UniqueIdentifier>{4FC737F1-C7A5-4376-A066-2A32D752A2FF}</UniqueIdentifier>
      <Extensions>cpp;c;cc;cxx;c++;cppm;ixx;def;odl;idl;hpj;bat;asm;asmx</Extensions>
    </Filter>
    <Filter Include="Header Files">
      <UniqueIdentifier>{93995380-89BD-4b04-88EB-625FBE52EBFB}</UniqueIdentifier>
      <Extensions>h;hh;hpp;hxx;h++;hm;inl;inc;ipp;xsd</Extensions>
    </Filter>
    <Filter Include="Resource Files">
      <UniqueIdentifier>{67DA6AB6-F800-4c08-8B7A-83BB121AAD01}</UniqueIdentifier>
      <Extensions>rc;ico;cur;bmp;dlg;rc2;rct;bin;rgs;gif;jpg;jpeg;jpe;resx;tiff;tif;png;wav;mfcribbon-ms</Extensions>
    </Filter>
  </ItemGroup>
  <ItemGroup>
    <ClInclude Include="Raycaster\Utils\TriangleOctree.h">
      <Filter>Header Files</Filter>
    </ClInclude>
    <ClInclude Include="Raycaster\Utils\Box.h">
      <Filter>Header Files</Filter>
    </ClInclude>
    <ClInclude Include="Raycaster\Utils\HitRecord.h">
      <Filter>Header Files</Filter>
    </ClInclude>
    <ClInclude Include="Raycaster\Utils\LightMat.h">
      <Filter>Header Files</Filter>
    </ClInclude>
    <ClInclude Include="Raycaster\Utils\ObjectRef.h">
      <Filter>Header Files</Filter>
    </ClInclude>
    <ClInclude Include="Common\ParallelExecutor.h">
      <Filter>Header Files</Filter>
    </ClInclude>
    <ClInclude Include="Common\Timer.h">
      <Filter>Header Files</Filter>
    </ClInclude>
    <ClInclude Include="Raycaster\Utils\Transform.h">
      <Filter>Header Files</Filter>
    </ClInclude>
    <ClInclude Include="Raycaster\Utils\Camera.h">
      <Filter>Header Files</Filter>
    </ClInclude>
    <ClInclude Include="Raycaster\Render\LightSource.h">
      <Filter>Header Files</Filter>
    </ClInclude>
    <ClInclude Include="Raycaster\Render\Scene.h">
      <Filter>Header Files</Filter>
    </ClInclude>
    <ClInclude Include="Raycaster\Source\Draggers\IObjectMover.h">
      <Filter>Header Files</Filter>
    </ClInclude>
    <ClInclude Include="Raycaster\Source\Draggers\MeshMover.h">
      <Filter>Header Files</Filter>
    </ClInclude>
    <ClInclude Include="Raycaster\Source\Draggers\PlaneMover.h">
      <Filter>Header Files</Filter>
    </ClInclude>
    <ClInclude Include="Raycaster\Source\Draggers\SphereMover.h">
      <Filter>Header Files</Filter>
    </ClInclude>
    <ClInclude Include="Raycaster\Source\Draggers\TriangleMover.h">
      <Filter>Header Files</Filter>
    </ClInclude>
    <ClInclude Include="Raycaster\Source\Entities\DirLightEntity.h">
      <Filter>Header Files</Filter>
    </ClInclude>
    <ClInclude Include="Raycaster\Source\Entities\MeshEntity.h">
      <Filter>Header Files</Filter>
    </ClInclude>
    <ClInclude Include="Raycaster\Source\Entities\PlaneEntity.h">
      <Filter>Header Files</Filter>
    </ClInclude>
    <ClInclude Include="Raycaster\Source\Entities\PointLightEntity.h">
      <Filter>Header Files</Filter>
    </ClInclude>
    <ClInclude Include="Raycaster\Source\Entities\SphereEntity.h">
      <Filter>Header Files</Filter>
    </ClInclude>
    <ClInclude Include="Raycaster\Source\Entities\SpotLightEntity.h">
      <Filter>Header Files</Filter>
    </ClInclude>
    <ClInclude Include="Raycaster\Source\Entities\TriangleEntity.h">
      <Filter>Header Files</Filter>
    </ClInclude>
    <ClInclude Include="Raycaster\Source\Math\DirLight.h">
      <Filter>Header Files</Filter>
    </ClInclude>
    <ClInclude Include="Raycaster\Source\Math\Mesh.h">
      <Filter>Header Files</Filter>
    </ClInclude>
    <ClInclude Include="Raycaster\Source\Math\Plane.h">
      <Filter>Header Files</Filter>
    </ClInclude>
    <ClInclude Include="Raycaster\Source\Math\PointLight.h">
      <Filter>Header Files</Filter>
    </ClInclude>
    <ClInclude Include="Raycaster\Source\Math\Ray.h">
      <Filter>Header Files</Filter>
    </ClInclude>
    <ClInclude Include="Raycaster\Source\Math\Sphere.h">
      <Filter>Header Files</Filter>
    </ClInclude>
    <ClInclude Include="Raycaster\Source\Math\SpotLight.h">
      <Filter>Header Files</Filter>
    </ClInclude>
    <ClInclude Include="Raycaster\Source\Math\Triangle.h">
      <Filter>Header Files</Filter>
    </ClInclude>
    <ClInclude Include="Raycaster\Windows\Window.h">
      <Filter>Header Files</Filter>
    </ClInclude>
    <ClInclude Include="DXRenderer\Window\WindowDX.h">
      <Filter>Header Files</Filter>
    </ClInclude>
    <ClInclude Include="DXRenderer\Utils\win.h">
      <Filter>Header Files</Filter>
    </ClInclude>
    <ClInclude Include="DXRenderer\Utils\d3d.h">
      <Filter>Header Files</Filter>
    </ClInclude>
    <ClInclude Include="DXRenderer\Utils\win_def.h">
      <Filter>Header Files</Filter>
    </ClInclude>
    <ClInclude Include="DXRenderer\Utils\win_undef.h">
      <Filter>Header Files</Filter>
    </ClInclude>
    <ClInclude Include="DXRenderer\Utils\DxRes.h">
      <Filter>Header Files</Filter>
    </ClInclude>
    <ClInclude Include="Common\AssertMacros.h">
      <Filter>Header Files</Filter>
    </ClInclude>
    <ClInclude Include="Common\LogMacros.h">
      <Filter>Header Files</Filter>
    </ClInclude>
    <ClInclude Include="Common\Engine.h">
      <Filter>Header Files</Filter>
    </ClInclude>
    <ClInclude Include="DXRenderer\CustomTypes\Vertex.h">
      <Filter>Header Files</Filter>
    </ClInclude>
    <ClInclude Include="DXRenderer\DXObjects\ConstantBuffer.h">
      <Filter>Header Files</Filter>
    </ClInclude>
    <ClInclude Include="DXRenderer\DXObjects\VertexBuffer.h">
      <Filter>Header Files</Filter>
    </ClInclude>
    <ClInclude Include="DXRenderer\Managers\TexturesManager.h">
      <Filter>Header Files</Filter>
    </ClInclude>
    <ClInclude Include="DXRenderer\Managers\ShadersManager.h">
      <Filter>Header Files</Filter>
    </ClInclude>
    <ClInclude Include="DXRenderer\DXObjects\Swapchain.h">
      <Filter>Header Files</Filter>
    </ClInclude>
    <ClInclude Include="DXRenderer\DXObjects\RenderTarget.h">
      <Filter>Header Files</Filter>
    </ClInclude>
    <ClInclude Include="DXRenderer\Managers\ModelsManager.h">
      <Filter>Header Files</Filter>
    </ClInclude>
    <ClInclude Include="DXRenderer\DXObjects\VertexShader.h">
      <Filter>Header Files</Filter>
    </ClInclude>
    <ClInclude Include="DXRenderer\DXObjects\PixelShader.h">
      <Filter>Header Files</Filter>
    </ClInclude>
    <ClInclude Include="DXRenderer\CustomTypes\CameraDX.h">
      <Filter>Header Files</Filter>
    </ClInclude>
    <ClInclude Include="DXRenderer\CustomTypes\TransformDX.h">
      <Filter>Header Files</Filter>
    </ClInclude>
    <ClInclude Include="DXRenderer\Managers\MeshSystem.h">
      <Filter>Header Files</Filter>
    </ClInclude>
    <ClInclude Include="DXRenderer\CustomTypes\InstancedMesh.h">
      <Filter>Header Files</Filter>
    </ClInclude>
    <ClInclude Include="DXRenderer\DXObjects\IndexBuffer.h">
      <Filter>Header Files</Filter>
    </ClInclude>
    <ClInclude Include="DXRenderer\Managers\Renderer.h">
      <Filter>Header Files</Filter>
    </ClInclude>
    <ClInclude Include="DXRenderer\CustomTypes\Model.h">
      <Filter>Header Files</Filter>
    </ClInclude>
    <ClInclude Include="Common\Keys.h">
      <Filter>Header Files</Filter>
    </ClInclude>
    <ClInclude Include="Common\MouseCursor.h">
      <Filter>Header Files</Filter>
    </ClInclude>
    <ClInclude Include="DXRenderer\Math\HitRecordDX.h">
      <Filter>Header Files</Filter>
    </ClInclude>
    <ClInclude Include="DXRenderer\Math\BoxDX.h">
      <Filter>Header Files</Filter>
    </ClInclude>
    <ClInclude Include="DXRenderer\Math\RayDX.h">
      <Filter>Header Files</Filter>
    </ClInclude>
    <ClInclude Include="DXRenderer\CustomTypes\TriangleOctreeDX.h">
      <Filter>Header Files</Filter>
    </ClInclude>
    <ClInclude Include="DXRenderer\CustomTypes\TriangleIndicesDX.h">
      <Filter>Header Files</Filter>
    </ClInclude>
    <ClInclude Include="DXRenderer\DXObjects\HullShader.h">
      <Filter>Header Files</Filter>
    </ClInclude>
    <ClInclude Include="DXRenderer\DXObjects\GeometryShader.h">
      <Filter>Header Files</Filter>
    </ClInclude>
    <ClInclude Include="DXRenderer\DXObjects\DomainShader.h">
      <Filter>Header Files</Filter>
    </ClInclude>
    <ClInclude Include="DXRenderer\Math\Cube.h">
      <Filter>Header Files</Filter>
    </ClInclude>
    <ClInclude Include="DXRenderer\Utils\DxTexLoader\DDSTextureLoader11.h">
      <Filter>Header Files</Filter>
    </ClInclude>
    <ClInclude Include="DXRenderer\DXObjects\ShaderResourceView.h">
      <Filter>Header Files</Filter>
    </ClInclude>
    <ClInclude Include="DXRenderer\DXObjects\SamplerState.h">
      <Filter>Header Files</Filter>
    </ClInclude>
    <ClInclude Include="DXRenderer\Utils\WideCharConverter.h">
      <Filter>Header Files</Filter>
    </ClInclude>
    <ClInclude Include="DXRenderer\CustomTypes\Skybox.h">
      <Filter>Header Files</Filter>
    </ClInclude>
    <ClInclude Include="DXRenderer\CustomTypes\PointLight.h">
      <Filter>Header Files</Filter>
    </ClInclude>
    <ClInclude Include="DXRenderer\Managers\PostProcess.h">
      <Filter>Header Files</Filter>
    </ClInclude>
    <ClInclude Include="DXRenderer\Managers\LightSystem.h">
      <Filter>Header Files</Filter>
    </ClInclude>
    <ClInclude Include="DXRenderer\CustomTypes\Material.h">
      <Filter>Header Files</Filter>
    </ClInclude>
    <ClInclude Include="DXRenderer\CustomTypes\DirLight.h">
      <Filter>Header Files</Filter>
    </ClInclude>
    <ClInclude Include="DXRenderer\CustomTypes\SpotLight.h">
      <Filter>Header Files</Filter>
    </ClInclude>
    <ClInclude Include="DXRenderer\CustomTypes\LightMaterial.h">
      <Filter>Header Files</Filter>
    </ClInclude>
    <ClInclude Include="DXRenderer\DXObjects\StructuredBuffer.h">
      <Filter>Header Files</Filter>
    </ClInclude>
    <ClInclude Include="DXRenderer\Math\Sphere.h">
      <Filter>Header Files</Filter>
    </ClInclude>
    <ClInclude Include="DXRenderer\Utils\imgui\imstb_truetype.h">
      <Filter>Header Files</Filter>
    </ClInclude>
    <ClInclude Include="DXRenderer\Utils\imgui\imconfig.h">
      <Filter>Header Files</Filter>
    </ClInclude>
    <ClInclude Include="DXRenderer\Utils\imgui\imgui.h">
      <Filter>Header Files</Filter>
    </ClInclude>
    <ClInclude Include="DXRenderer\Utils\imgui\imgui_impl_dx11.h">
      <Filter>Header Files</Filter>
    </ClInclude>
    <ClInclude Include="DXRenderer\Utils\imgui\imgui_impl_win32.h">
      <Filter>Header Files</Filter>
    </ClInclude>
    <ClInclude Include="DXRenderer\Utils\imgui\imgui_internal.h">
      <Filter>Header Files</Filter>
    </ClInclude>
    <ClInclude Include="DXRenderer\Utils\imgui\imstb_rectpack.h">
      <Filter>Header Files</Filter>
    </ClInclude>
    <ClInclude Include="DXRenderer\Utils\imgui\imstb_textedit.h">
      <Filter>Header Files</Filter>
    </ClInclude>
    <ClInclude Include="DXRenderer\Managers\TransformSystem.h">
      <Filter>Header Files</Filter>
    </ClInclude>
    <ClInclude Include="DXRenderer\Utils\SolidVector\SolidVector.h">
      <Filter>Header Files</Filter>
    </ClInclude>
    <ClInclude Include="DXRenderer\CustomTypes\PBR_SRVGroup.h">
      <Filter>Header Files</Filter>
    </ClInclude>
    <ClInclude Include="DXRenderer\Managers\ReflectionCapturer.h">
      <Filter>Header Files</Filter>
    </ClInclude>
    <ClInclude Include="Submodules\dxmath\Extensions\DirectXMathAVX.h">
      <Filter>Header Files</Filter>
    </ClInclude>
    <ClInclude Include="Submodules\dxmath\Extensions\DirectXMathAVX2.h">
      <Filter>Header Files</Filter>
    </ClInclude>
    <ClInclude Include="Submodules\dxmath\Extensions\DirectXMathBE.h">
      <Filter>Header Files</Filter>
    </ClInclude>
    <ClInclude Include="Submodules\dxmath\Extensions\DirectXMathF16C.h">
      <Filter>Header Files</Filter>
    </ClInclude>
    <ClInclude Include="Submodules\dxmath\Extensions\DirectXMathFMA3.h">
      <Filter>Header Files</Filter>
    </ClInclude>
    <ClInclude Include="Submodules\dxmath\Extensions\DirectXMathFMA4.h">
      <Filter>Header Files</Filter>
    </ClInclude>
    <ClInclude Include="Submodules\dxmath\Extensions\DirectXMathSSE3.h">
      <Filter>Header Files</Filter>
    </ClInclude>
    <ClInclude Include="Submodules\dxmath\Extensions\DirectXMathSSE4.h">
      <Filter>Header Files</Filter>
    </ClInclude>
    <ClInclude Include="Submodules\dxmath\Inc\DirectXCollision.h">
      <Filter>Header Files</Filter>
    </ClInclude>
    <ClInclude Include="Submodules\dxmath\Inc\DirectXColors.h">
      <Filter>Header Files</Filter>
    </ClInclude>
    <ClInclude Include="Submodules\dxmath\Inc\DirectXMath.h">
      <Filter>Header Files</Filter>
    </ClInclude>
    <ClInclude Include="Submodules\dxmath\Inc\DirectXPackedVector.h">
      <Filter>Header Files</Filter>
    </ClInclude>
    <ClInclude Include="Submodules\dxmath\MatrixStack\DirectXMatrixStack.h">
      <Filter>Header Files</Filter>
    </ClInclude>
    <ClInclude Include="Submodules\dxmath\SHMath\DirectXSH.h">
      <Filter>Header Files</Filter>
    </ClInclude>
    <ClInclude Include="Submodules\dxmath\Stereo3D\Stereo3DMatrixHelper.h">
      <Filter>Header Files</Filter>
    </ClInclude>
    <ClInclude Include="Submodules\dxmath\XDSP\XDSP.h">
      <Filter>Header Files</Filter>
    </ClInclude>
    <ClInclude Include="DXRenderer\Utils\DirectXTex\BC.h">
      <Filter>Header Files</Filter>
    </ClInclude>
    <ClInclude Include="DXRenderer\Utils\DirectXTex\BCDirectCompute.h">
      <Filter>Header Files</Filter>
    </ClInclude>
    <ClInclude Include="DXRenderer\Utils\DirectXTex\d3dx12.h">
      <Filter>Header Files</Filter>
    </ClInclude>
    <ClInclude Include="DXRenderer\Utils\DirectXTex\DDS.h">
      <Filter>Header Files</Filter>
    </ClInclude>
    <ClInclude Include="DXRenderer\Utils\DirectXTex\DirectXTex.h">
      <Filter>Header Files</Filter>
    </ClInclude>
    <ClInclude Include="DXRenderer\Utils\DirectXTex\DirectXTexP.h">
      <Filter>Header Files</Filter>
    </ClInclude>
    <ClInclude Include="DXRenderer\Utils\DirectXTex\filters.h">
      <Filter>Header Files</Filter>
    </ClInclude>
    <ClInclude Include="DXRenderer\Utils\DirectXTex\scoped.h">
      <Filter>Header Files</Filter>
    </ClInclude>
    <ClInclude Include="DXRenderer\Utils\CubeSideIndexRoationAngles.h">
      <Filter>Header Files</Filter>
    </ClInclude>
    <ClInclude Include="DXRenderer\Managers\ParticleSystem.h">
      <Filter>Header Files</Filter>
    </ClInclude>
    <ClInclude Include="DXRenderer\Managers\MaterialManager.h">
      <Filter>Header Files</Filter>
    </ClInclude>
    <ClInclude Include="DXRenderer\CustomTypes\OpacityMeshGroup.h">
      <Filter>Header Files</Filter>
    </ClInclude>
    <ClInclude Include="DXRenderer\CustomTypes\SmokeParticle.h">
      <Filter>Header Files</Filter>
    </ClInclude>
    <ClInclude Include="DXRenderer\CustomTypes\SmokeEmitter.h">
      <Filter>Header Files</Filter>
    </ClInclude>
    <ClInclude Include="DXRenderer\DXObjects\BlendState.h">
      <Filter>Header Files</Filter>
    </ClInclude>
    <ClInclude Include="DXRenderer\Utils\RandomOnSphere.h">
      <Filter>Header Files</Filter>
    </ClInclude>
    <ClInclude Include="DXRenderer\DXObjects\RasterizerState.h">
      <Filter>Header Files</Filter>
    </ClInclude>
    <ClInclude Include="DXRenderer\DXObjects\DepthStencilState.h">
      <Filter>Header Files</Filter>
    </ClInclude>
    <ClInclude Include="DXRenderer\CustomTypes\GBuffer.h">
      <Filter>Header Files</Filter>
    </ClInclude>
    <ClInclude Include="DXRenderer\Utils\InitTexture.h">
      <Filter>Header Files</Filter>
    </ClInclude>
    <ClInclude Include="DXRenderer\Managers\DecalSystem.h">
      <Filter>Header Files</Filter>
    </ClInclude>
    <ClInclude Include="DXRenderer\CustomTypes\Decal.h">
      <Filter>Header Files</Filter>
    </ClInclude>
  </ItemGroup>
  <ItemGroup>
    <ClCompile Include="Raycaster\Utils\TriangleOctree.cpp">
      <Filter>Source Files</Filter>
    </ClCompile>
    <ClCompile Include="Raycaster\Render\Scene.cpp">
      <Filter>Source Files</Filter>
    </ClCompile>
    <ClCompile Include="Raycaster\Windows\Window.cpp">
      <Filter>Source Files</Filter>
    </ClCompile>
    <ClCompile Include="DXRenderer\Window\WindowDX.cpp">
      <Filter>Source Files</Filter>
    </ClCompile>
    <ClCompile Include="DXRenderer\Utils\d3d.cpp">
      <Filter>Source Files</Filter>
    </ClCompile>
    <ClCompile Include="DXRenderer\DXObjects\Swapchain.cpp">
      <Filter>Source Files</Filter>
    </ClCompile>
    <ClCompile Include="DXRenderer\DXObjects\RenderTarget.cpp">
      <Filter>Source Files</Filter>
    </ClCompile>
    <ClCompile Include="DXRenderer\DXObjects\VertexShader.cpp">
      <Filter>Source Files</Filter>
    </ClCompile>
    <ClCompile Include="DXRenderer\DXObjects\PixelShader.cpp">
      <Filter>Source Files</Filter>
    </ClCompile>
    <ClCompile Include="DXRenderer\DXObjects\VertexBuffer.cpp">
      <Filter>Source Files</Filter>
    </ClCompile>
    <ClCompile Include="DXRenderer\DXObjects\IndexBuffer.cpp">
      <Filter>Source Files</Filter>
    </ClCompile>
    <ClCompile Include="DXRenderer\Managers\MeshSystem.cpp">
      <Filter>Source Files</Filter>
    </ClCompile>
    <ClCompile Include="DXRenderer\CustomTypes\Model.cpp">
      <Filter>Source Files</Filter>
    </ClCompile>
    <ClCompile Include="Common\Engine.cpp">
      <Filter>Source Files</Filter>
    </ClCompile>
    <ClCompile Include="DXRenderer\Managers\Renderer.cpp">
      <Filter>Source Files</Filter>
    </ClCompile>
    <ClCompile Include="DXRenderer\Managers\ModelsManager.cpp">
      <Filter>Source Files</Filter>
    </ClCompile>
    <ClCompile Include="DXRenderer\CustomTypes\TriangleOctreeDX.cpp">
      <Filter>Source Files</Filter>
    </ClCompile>
    <ClCompile Include="DXRenderer\CustomTypes\InstancedMesh.cpp">
      <Filter>Source Files</Filter>
    </ClCompile>
    <ClCompile Include="DXRenderer\DXObjects\HullShader.cpp">
      <Filter>Source Files</Filter>
    </ClCompile>
    <ClCompile Include="DXRenderer\DXObjects\GeometryShader.cpp">
      <Filter>Source Files</Filter>
    </ClCompile>
    <ClCompile Include="DXRenderer\DXObjects\DomainShader.cpp">
      <Filter>Source Files</Filter>
    </ClCompile>
    <ClCompile Include="DXRenderer\Managers\TexturesManager.cpp">
      <Filter>Source Files</Filter>
    </ClCompile>
    <ClCompile Include="DXRenderer\Utils\DxTexLoader\DDSTextureLoader11.cpp">
      <Filter>Source Files</Filter>
    </ClCompile>
    <ClCompile Include="DXRenderer\DXObjects\ShaderResourceView.cpp">
      <Filter>Source Files</Filter>
    </ClCompile>
    <ClCompile Include="DXRenderer\DXObjects\SamplerState.cpp">
      <Filter>Source Files</Filter>
    </ClCompile>
    <ClCompile Include="DXRenderer\CustomTypes\Skybox.cpp">
      <Filter>Source Files</Filter>
    </ClCompile>
    <ClCompile Include="DXRenderer\Managers\LightSystem.cpp">
      <Filter>Source Files</Filter>
    </ClCompile>
    <ClCompile Include="DXRenderer\CustomTypes\PointLight.cpp">
      <Filter>Source Files</Filter>
    </ClCompile>
    <ClCompile Include="DXRenderer\CustomTypes\DirLight.cpp">
      <Filter>Source Files</Filter>
    </ClCompile>
    <ClCompile Include="DXRenderer\CustomTypes\SpotLight.cpp">
      <Filter>Source Files</Filter>
    </ClCompile>
    <ClCompile Include="DXRenderer\DXObjects\StructuredBuffer.cpp">
      <Filter>Source Files</Filter>
    </ClCompile>
    <ClCompile Include="DXRenderer\Managers\PostProcess.cpp">
      <Filter>Source Files</Filter>
    </ClCompile>
    <ClCompile Include="DXRenderer\Utils\imgui\imgui.cpp">
      <Filter>Source Files</Filter>
    </ClCompile>
    <ClCompile Include="DXRenderer\Utils\imgui\imgui_demo.cpp">
      <Filter>Source Files</Filter>
    </ClCompile>
    <ClCompile Include="DXRenderer\Utils\imgui\imgui_draw.cpp">
      <Filter>Source Files</Filter>
    </ClCompile>
    <ClCompile Include="DXRenderer\Utils\imgui\imgui_impl_dx11.cpp">
      <Filter>Source Files</Filter>
    </ClCompile>
    <ClCompile Include="DXRenderer\Utils\imgui\imgui_impl_win32.cpp">
      <Filter>Source Files</Filter>
    </ClCompile>
    <ClCompile Include="DXRenderer\Utils\imgui\imgui_tables.cpp">
      <Filter>Source Files</Filter>
    </ClCompile>
    <ClCompile Include="DXRenderer\Utils\imgui\imgui_widgets.cpp">
      <Filter>Source Files</Filter>
    </ClCompile>
    <ClCompile Include="DXRenderer\Managers\TransformSystem.cpp">
      <Filter>Source Files</Filter>
    </ClCompile>
    <ClCompile Include="DXRenderer\Managers\ReflectionCapturer.cpp">
      <Filter>Source Files</Filter>
    </ClCompile>
    <ClCompile Include="Submodules\dxmath\SHMath\DirectXSH.cpp">
      <Filter>Source Files</Filter>
    </ClCompile>
    <ClCompile Include="Submodules\dxmath\SHMath\DirectXSHD3D11.cpp">
      <Filter>Source Files</Filter>
    </ClCompile>
    <ClCompile Include="Submodules\dxmath\SHMath\DirectXSHD3D12.cpp">
      <Filter>Source Files</Filter>
    </ClCompile>
    <ClCompile Include="Submodules\dxmath\Stereo3D\Stereo3DMatrixHelper.cpp">
      <Filter>Source Files</Filter>
    </ClCompile>
    <ClCompile Include="DXRenderer\Utils\DirectXTex\BC.cpp">
      <Filter>Source Files</Filter>
    </ClCompile>
    <ClCompile Include="DXRenderer\Utils\DirectXTex\BC4BC5.cpp">
      <Filter>Source Files</Filter>
    </ClCompile>
    <ClCompile Include="DXRenderer\Utils\DirectXTex\BC6HBC7.cpp">
      <Filter>Source Files</Filter>
    </ClCompile>
    <ClCompile Include="DXRenderer\Utils\DirectXTex\BCDirectCompute.cpp">
      <Filter>Source Files</Filter>
    </ClCompile>
    <ClCompile Include="DXRenderer\Utils\DirectXTex\DirectXTexCompress.cpp">
      <Filter>Source Files</Filter>
    </ClCompile>
    <ClCompile Include="DXRenderer\Utils\DirectXTex\DirectXTexCompressGPU.cpp">
      <Filter>Source Files</Filter>
    </ClCompile>
    <ClCompile Include="DXRenderer\Utils\DirectXTex\DirectXTexConvert.cpp">
      <Filter>Source Files</Filter>
    </ClCompile>
    <ClCompile Include="DXRenderer\Utils\DirectXTex\DirectXTexD3D11.cpp">
      <Filter>Source Files</Filter>
    </ClCompile>
    <ClCompile Include="DXRenderer\Utils\DirectXTex\DirectXTexD3D12.cpp">
      <Filter>Source Files</Filter>
    </ClCompile>
    <ClCompile Include="DXRenderer\Utils\DirectXTex\DirectXTexDDS.cpp">
      <Filter>Source Files</Filter>
    </ClCompile>
    <ClCompile Include="DXRenderer\Utils\DirectXTex\DirectXTexFlipRotate.cpp">
      <Filter>Source Files</Filter>
    </ClCompile>
    <ClCompile Include="DXRenderer\Utils\DirectXTex\DirectXTexHDR.cpp">
      <Filter>Source Files</Filter>
    </ClCompile>
    <ClCompile Include="DXRenderer\Utils\DirectXTex\DirectXTexImage.cpp">
      <Filter>Source Files</Filter>
    </ClCompile>
    <ClCompile Include="DXRenderer\Utils\DirectXTex\DirectXTexMipmaps.cpp">
      <Filter>Source Files</Filter>
    </ClCompile>
    <ClCompile Include="DXRenderer\Utils\DirectXTex\DirectXTexMisc.cpp">
      <Filter>Source Files</Filter>
    </ClCompile>
    <ClCompile Include="DXRenderer\Utils\DirectXTex\DirectXTexNormalMaps.cpp">
      <Filter>Source Files</Filter>
    </ClCompile>
    <ClCompile Include="DXRenderer\Utils\DirectXTex\DirectXTexPMAlpha.cpp">
      <Filter>Source Files</Filter>
    </ClCompile>
    <ClCompile Include="DXRenderer\Utils\DirectXTex\DirectXTexResize.cpp">
      <Filter>Source Files</Filter>
    </ClCompile>
    <ClCompile Include="DXRenderer\Utils\DirectXTex\DirectXTexTGA.cpp">
      <Filter>Source Files</Filter>
    </ClCompile>
    <ClCompile Include="DXRenderer\Utils\DirectXTex\DirectXTexUtil.cpp">
      <Filter>Source Files</Filter>
    </ClCompile>
    <ClCompile Include="DXRenderer\Utils\DirectXTex\DirectXTexWIC.cpp">
      <Filter>Source Files</Filter>
    </ClCompile>
    <ClCompile Include="DXRenderer\Managers\ParticleSystem.cpp">
      <Filter>Source Files</Filter>
    </ClCompile>
    <ClCompile Include="DXRenderer\Managers\MaterialManager.cpp">
      <Filter>Source Files</Filter>
    </ClCompile>
    <ClCompile Include="DXRenderer\CustomTypes\SmokeEmitter.cpp">
      <Filter>Source Files</Filter>
    </ClCompile>
    <ClCompile Include="DXRenderer\DXObjects\BlendState.cpp">
      <Filter>Source Files</Filter>
    </ClCompile>
    <ClCompile Include="DXRenderer\DXObjects\DepthStencilState.cpp">
      <Filter>Source Files</Filter>
    </ClCompile>
    <ClCompile Include="DXRenderer\DXObjects\RasterizerState.cpp">
      <Filter>Source Files</Filter>
    </ClCompile>
    <ClCompile Include="DXRenderer\CustomTypes\GBuffer.cpp">
      <Filter>Source Files</Filter>
    </ClCompile>
    <ClCompile Include="DXRenderer\Managers\DecalSystem.cpp">
      <Filter>Source Files</Filter>
    </ClCompile>
  </ItemGroup>
  <ItemGroup>
    <Image Include="DXRenderer\Resources\Models\Samurai\dds\Decor_BaseColor.dds" />
    <Image Include="DXRenderer\Resources\Models\Samurai\dds\Eyes_BaseColor.dds" />
    <Image Include="DXRenderer\Resources\Models\Samurai\dds\Hands_BaseColor.dds" />
    <Image Include="DXRenderer\Resources\Models\Samurai\dds\Head_BaseColor.dds" />
    <Image Include="DXRenderer\Resources\Models\Samurai\dds\Helmet_BaseColor.dds" />
    <Image Include="DXRenderer\Resources\Models\Samurai\dds\Pants_BaseColor.dds" />
    <Image Include="DXRenderer\Resources\Models\Samurai\dds\Sword_BaseColor.dds" />
    <Image Include="DXRenderer\Resources\Models\Samurai\dds\Torso_BaseColor.dds" />
  </ItemGroup>
  <ItemGroup>
    <None Include="Submodules\dxmath\Inc\DirectXCollision.inl">
      <Filter>Header Files</Filter>
    </None>
    <None Include="Submodules\dxmath\Inc\DirectXMathConvert.inl">
      <Filter>Header Files</Filter>
    </None>
    <None Include="Submodules\dxmath\Inc\DirectXMathMatrix.inl">
      <Filter>Header Files</Filter>
    </None>
    <None Include="Submodules\dxmath\Inc\DirectXMathMisc.inl">
      <Filter>Header Files</Filter>
    </None>
    <None Include="Submodules\dxmath\Inc\DirectXMathVector.inl">
      <Filter>Header Files</Filter>
    </None>
    <None Include="Submodules\dxmath\Inc\DirectXPackedVector.inl">
      <Filter>Header Files</Filter>
    </None>
    <None Include="DXRenderer\Utils\DirectXTex\DirectXTex.inl">
      <Filter>Header Files</Filter>
    </None>
    <None Include="DXRenderer\Utils\DirectXTex\Shaders\CompileShaders.cmd" />
  </ItemGroup>
</Project>